# @generated by Move, please check-in and do not edit manually.

[move]
version = 3
manifest_digest = "C4BDFCCD4AAC04DD090DA119F82B21A434FDB7FDB3B24E96935237B7F11620B9"
deps_digest = "F8BBB0CCB2491CA29A3DF03D6F92277A4F3574266507ACD77214D37ECA3F3082"
dependencies = [
  { id = "Sui", name = "Sui" },
]

[[move.package]]
id = "MoveStdlib"
source = { git = "https://github.com/MystenLabs/sui.git", rev = "framework/testnet", subdir = "crates/sui-framework/packages/move-stdlib" }

[[move.package]]
id = "Sui"
source = { git = "https://github.com/MystenLabs/sui.git", rev = "framework/testnet", subdir = "crates/sui-framework/packages/sui-framework" }

dependencies = [
  { id = "MoveStdlib", name = "MoveStdlib" },
]

[move.toolchain-version]
compiler-version = "1.62.0"
edition = "2024.beta"
flavor = "sui"

[env]

[env.testnet]
chain-id = "4c78adac"
original-published-id = "0x3edbb72e95318691993c3104da0e3279d9665938b99098c690cafb4277610628"
latest-published-id = "0x3edbb72e95318691993c3104da0e3279d9665938b99098c690cafb4277610628"
published-version = "1"

[env.mainnet]
chain-id = "35834a8a"
original-published-id = "0xd4be63c4ba47f8665bfab24131a7e13961a717e4331eea23229074dc5bbf9523"
latest-published-id = "0xd4be63c4ba47f8665bfab24131a7e13961a717e4331eea23229074dc5bbf9523"
published-version = "1"
